// !$*UTF8*$!
{
	archiveVersion = 1;
	classes = {
	};
	objectVersion = 48;
	objects = {

/* Begin PBXBuildFile section */
		2DB5C71521661448006A050E /* ExercisesListViewController.swift in Sources */ = {isa = PBXBuildFile; fileRef = 2DB5C71421661448006A050E /* ExercisesListViewController.swift */; };
		2DB5C717216617DA006A050E /* ExerciseCellViewController.swift in Sources */ = {isa = PBXBuildFile; fileRef = 2DB5C716216617DA006A050E /* ExerciseCellViewController.swift */; };
		2DB5C719216618B0006A050E /* Exercise.swift in Sources */ = {isa = PBXBuildFile; fileRef = 2DB5C718216618B0006A050E /* Exercise.swift */; };
		2DE5FF73216527F100DC5F3E /* AppDelegate.swift in Sources */ = {isa = PBXBuildFile; fileRef = 2DE5FF72216527F100DC5F3E /* AppDelegate.swift */; };
		2DE5FF77216527F100DC5F3E /* SecondViewController.swift in Sources */ = {isa = PBXBuildFile; fileRef = 2DE5FF76216527F100DC5F3E /* SecondViewController.swift */; };
		2DE5FF7A216527F100DC5F3E /* Main.storyboard in Resources */ = {isa = PBXBuildFile; fileRef = 2DE5FF78216527F100DC5F3E /* Main.storyboard */; };
		2DE5FF7C216527F100DC5F3E /* Assets.xcassets in Resources */ = {isa = PBXBuildFile; fileRef = 2DE5FF7B216527F100DC5F3E /* Assets.xcassets */; };
		2DE5FF7F216527F100DC5F3E /* LaunchScreen.storyboard in Resources */ = {isa = PBXBuildFile; fileRef = 2DE5FF7D216527F100DC5F3E /* LaunchScreen.storyboard */; };
		2DE5FF8721653F4900DC5F3E /* ThirdViewController.swift in Sources */ = {isa = PBXBuildFile; fileRef = 2DE5FF8621653F4900DC5F3E /* ThirdViewController.swift */; };
/* End PBXBuildFile section */

/* Begin PBXFileReference section */
		2DB5C71421661448006A050E /* ExercisesListViewController.swift */ = {isa = PBXFileReference; lastKnownFileType = sourcecode.swift; path = ExercisesListViewController.swift; sourceTree = "<group>"; };
		2DB5C716216617DA006A050E /* ExerciseCellViewController.swift */ = {isa = PBXFileReference; lastKnownFileType = sourcecode.swift; path = ExerciseCellViewController.swift; sourceTree = "<group>"; };
		2DB5C718216618B0006A050E /* Exercise.swift */ = {isa = PBXFileReference; lastKnownFileType = sourcecode.swift; path = Exercise.swift; sourceTree = "<group>"; };
		2DE5FF6F216527F100DC5F3E /* Trening.app */ = {isa = PBXFileReference; explicitFileType = wrapper.application; includeInIndex = 0; path = Trening.app; sourceTree = BUILT_PRODUCTS_DIR; };
		2DE5FF72216527F100DC5F3E /* AppDelegate.swift */ = {isa = PBXFileReference; lastKnownFileType = sourcecode.swift; path = AppDelegate.swift; sourceTree = "<group>"; };
		2DE5FF76216527F100DC5F3E /* SecondViewController.swift */ = {isa = PBXFileReference; lastKnownFileType = sourcecode.swift; path = SecondViewController.swift; sourceTree = "<group>"; };
		2DE5FF79216527F100DC5F3E /* Base */ = {isa = PBXFileReference; lastKnownFileType = file.storyboard; name = Base; path = Base.lproj/Main.storyboard; sourceTree = "<group>"; };
		2DE5FF7B216527F100DC5F3E /* Assets.xcassets */ = {isa = PBXFileReference; lastKnownFileType = folder.assetcatalog; path = Assets.xcassets; sourceTree = "<group>"; };
		2DE5FF7E216527F100DC5F3E /* Base */ = {isa = PBXFileReference; lastKnownFileType = file.storyboard; name = Base; path = Base.lproj/LaunchScreen.storyboard; sourceTree = "<group>"; };
		2DE5FF80216527F100DC5F3E /* Info.plist */ = {isa = PBXFileReference; lastKnownFileType = text.plist.xml; path = Info.plist; sourceTree = "<group>"; };
		2DE5FF8621653F4900DC5F3E /* ThirdViewController.swift */ = {isa = PBXFileReference; lastKnownFileType = sourcecode.swift; path = ThirdViewController.swift; sourceTree = "<group>"; };
/* End PBXFileReference section */

/* Begin PBXFrameworksBuildPhase section */
		2DE5FF6C216527F100DC5F3E /* Frameworks */ = {
			isa = PBXFrameworksBuildPhase;
			buildActionMask = 2147483647;
			files = (
			);
			runOnlyForDeploymentPostprocessing = 0;
		};
/* End PBXFrameworksBuildPhase section */

/* Begin PBXGroup section */
		2DE5FF66216527F100DC5F3E = {
			isa = PBXGroup;
			children = (
				2DE5FF71216527F100DC5F3E /* Trening */,
				2DE5FF70216527F100DC5F3E /* Products */,
			);
			sourceTree = "<group>";
		};
		2DE5FF70216527F100DC5F3E /* Products */ = {
			isa = PBXGroup;
			children = (
				2DE5FF6F216527F100DC5F3E /* Trening.app */,
			);
			name = Products;
			sourceTree = "<group>";
		};
		2DE5FF71216527F100DC5F3E /* Trening */ = {
			isa = PBXGroup;
			children = (
				2DE5FF72216527F100DC5F3E /* AppDelegate.swift */,
				2DB5C718216618B0006A050E /* Exercise.swift */,
				2DB5C716216617DA006A050E /* ExerciseCellViewController.swift */,
				2DB5C71421661448006A050E /* ExercisesListViewController.swift */,
				2DE5FF76216527F100DC5F3E /* SecondViewController.swift */,
				2DE5FF8621653F4900DC5F3E /* ThirdViewController.swift */,
				2DE5FF78216527F100DC5F3E /* Main.storyboard */,
				2DE5FF7B216527F100DC5F3E /* Assets.xcassets */,
				2DE5FF7D216527F100DC5F3E /* LaunchScreen.storyboard */,
				2DE5FF80216527F100DC5F3E /* Info.plist */,
			);
			path = Trening;
			sourceTree = "<group>";
		};
/* End PBXGroup section */

/* Begin PBXNativeTarget section */
		2DE5FF6E216527F100DC5F3E /* Trening */ = {
			isa = PBXNativeTarget;
			buildConfigurationList = 2DE5FF83216527F100DC5F3E /* Build configuration list for PBXNativeTarget "Trening" */;
			buildPhases = (
				2DE5FF6B216527F100DC5F3E /* Sources */,
				2DE5FF6C216527F100DC5F3E /* Frameworks */,
				2DE5FF6D216527F100DC5F3E /* Resources */,
			);
			buildRules = (
			);
			dependencies = (
			);
			name = Trening;
			productName = Trening;
			productReference = 2DE5FF6F216527F100DC5F3E /* Trening.app */;
			productType = "com.apple.product-type.application";
		};
/* End PBXNativeTarget section */

/* Begin PBXProject section */
		2DE5FF67216527F100DC5F3E /* Project object */ = {
			isa = PBXProject;
			attributes = {
				LastSwiftUpdateCheck = 0920;
				LastUpgradeCheck = 1000;
				ORGANIZATIONNAME = "Damian Skowroński";
				TargetAttributes = {
					2DE5FF6E216527F100DC5F3E = {
						CreatedOnToolsVersion = 9.2;
						LastSwiftMigration = 1000;
						ProvisioningStyle = Automatic;
					};
				};
			};
			buildConfigurationList = 2DE5FF6A216527F100DC5F3E /* Build configuration list for PBXProject "Trening" */;
			compatibilityVersion = "Xcode 8.0";
			developmentRegion = en;
			hasScannedForEncodings = 0;
			knownRegions = (
				en,
				Base,
			);
			mainGroup = 2DE5FF66216527F100DC5F3E;
			productRefGroup = 2DE5FF70216527F100DC5F3E /* Products */;
			projectDirPath = "";
			projectRoot = "";
			targets = (
				2DE5FF6E216527F100DC5F3E /* Trening */,
			);
		};
/* End PBXProject section */

/* Begin PBXResourcesBuildPhase section */
		2DE5FF6D216527F100DC5F3E /* Resources */ = {
			isa = PBXResourcesBuildPhase;
			buildActionMask = 2147483647;
			files = (
				2DE5FF7F216527F100DC5F3E /* LaunchScreen.storyboard in Resources */,
				2DE5FF7C216527F100DC5F3E /* Assets.xcassets in Resources */,
				2DE5FF7A216527F100DC5F3E /* Main.storyboard in Resources */,
			);
			runOnlyForDeploymentPostprocessing = 0;
		};
/* End PBXResourcesBuildPhase section */

/* Begin PBXSourcesBuildPhase section */
		2DE5FF6B216527F100DC5F3E /* Sources */ = {
			isa = PBXSourcesBuildPhase;
			buildActionMask = 2147483647;
			files = (
				2DE5FF77216527F100DC5F3E /* SecondViewController.swift in Sources */,
				2DE5FF73216527F100DC5F3E /* AppDelegate.swift in Sources */,
				2DB5C717216617DA006A050E /* ExerciseCellViewController.swift in Sources */,
				2DB5C71521661448006A050E /* ExercisesListViewController.swift in Sources */,
				2DE5FF8721653F4900DC5F3E /* ThirdViewController.swift in Sources */,
				2DB5C719216618B0006A050E /* Exercise.swift in Sources */,
			);
			runOnlyForDeploymentPostprocessing = 0;
		};
/* End PBXSourcesBuildPhase section */

/* Begin PBXVariantGroup section */
		2DE5FF78216527F100DC5F3E /* Main.storyboard */ = {
			isa = PBXVariantGroup;
			children = (
				2DE5FF79216527F100DC5F3E /* Base */,
			);
			name = Main.storyboard;
			sourceTree = "<group>";
		};
		2DE5FF7D216527F100DC5F3E /* LaunchScreen.storyboard */ = {
			isa = PBXVariantGroup;
			children = (
				2DE5FF7E216527F100DC5F3E /* Base */,
			);
			name = LaunchScreen.storyboard;
			sourceTree = "<group>";
		};
/* End PBXVariantGroup section */

/* Begin XCBuildConfiguration section */
		2DE5FF81216527F100DC5F3E /* Debug */ = {
			isa = XCBuildConfiguration;
			buildSettings = {
				ALWAYS_SEARCH_USER_PATHS = NO;
				CLANG_ANALYZER_NONNULL = YES;
				CLANG_ANALYZER_NUMBER_OBJECT_CONVERSION = YES_AGGRESSIVE;
				CLANG_CXX_LANGUAGE_STANDARD = "gnu++14";
				CLANG_CXX_LIBRARY = "libc++";
				CLANG_ENABLE_MODULES = YES;
				CLANG_ENABLE_OBJC_ARC = YES;
				CLANG_WARN_BLOCK_CAPTURE_AUTORELEASING = YES;
				CLANG_WARN_BOOL_CONVERSION = YES;
				CLANG_WARN_COMMA = YES;
				CLANG_WARN_CONSTANT_CONVERSION = YES;
				CLANG_WARN_DEPRECATED_OBJC_IMPLEMENTATIONS = YES;
				CLANG_WARN_DIRECT_OBJC_ISA_USAGE = YES_ERROR;
				CLANG_WARN_DOCUMENTATION_COMMENTS = YES;
				CLANG_WARN_EMPTY_BODY = YES;
				CLANG_WARN_ENUM_CONVERSION = YES;
				CLANG_WARN_INFINITE_RECURSION = YES;
				CLANG_WARN_INT_CONVERSION = YES;
				CLANG_WARN_NON_LITERAL_NULL_CONVERSION = YES;
				CLANG_WARN_OBJC_IMPLICIT_RETAIN_SELF = YES;
				CLANG_WARN_OBJC_LITERAL_CONVERSION = YES;
				CLANG_WARN_OBJC_ROOT_CLASS = YES_ERROR;
				CLANG_WARN_RANGE_LOOP_ANALYSIS = YES;
				CLANG_WARN_STRICT_PROTOTYPES = YES;
				CLANG_WARN_SUSPICIOUS_MOVE = YES;
				CLANG_WARN_UNGUARDED_AVAILABILITY = YES_AGGRESSIVE;
				CLANG_WARN_UNREACHABLE_CODE = YES;
				CLANG_WARN__DUPLICATE_METHOD_MATCH = YES;
				CODE_SIGN_IDENTITY = "iPhone Developer";
				COPY_PHASE_STRIP = NO;
				DEBUG_INFORMATION_FORMAT = dwarf;
				ENABLE_STRICT_OBJC_MSGSEND = YES;
				ENABLE_TESTABILITY = YES;
				GCC_C_LANGUAGE_STANDARD = gnu11;
				GCC_DYNAMIC_NO_PIC = NO;
				GCC_NO_COMMON_BLOCKS = YES;
				GCC_OPTIMIZATION_LEVEL = 0;
				GCC_PREPROCESSOR_DEFINITIONS = (
					"DEBUG=1",
					"$(inherited)",
				);
				GCC_WARN_64_TO_32_BIT_CONVERSION = YES;
				GCC_WARN_ABOUT_RETURN_TYPE = YES_ERROR;
				GCC_WARN_UNDECLARED_SELECTOR = YES;
				GCC_WARN_UNINITIALIZED_AUTOS = YES_AGGRESSIVE;
				GCC_WARN_UNUSED_FUNCTION = YES;
				GCC_WARN_UNUSED_VARIABLE = YES;
				IPHONEOS_DEPLOYMENT_TARGET = 11.2;
				MTL_ENABLE_DEBUG_INFO = YES;
				ONLY_ACTIVE_ARCH = YES;
				SDKROOT = iphoneos;
				SWIFT_ACTIVE_COMPILATION_CONDITIONS = DEBUG;
				SWIFT_OPTIMIZATION_LEVEL = "-Onone";
			};
			name = Debug;
		};
		2DE5FF82216527F100DC5F3E /* Release */ = {
			isa = XCBuildConfiguration;
			buildSettings = {
				ALWAYS_SEARCH_USER_PATHS = NO;
				CLANG_ANALYZER_NONNULL = YES;
				CLANG_ANALYZER_NUMBER_OBJECT_CONVERSION = YES_AGGRESSIVE;
				CLANG_CXX_LANGUAGE_STANDARD = "gnu++14";
				CLANG_CXX_LIBRARY = "libc++";
				CLANG_ENABLE_MODULES = YES;
				CLANG_ENABLE_OBJC_ARC = YES;
				CLANG_WARN_BLOCK_CAPTURE_AUTORELEASING = YES;
				CLANG_WARN_BOOL_CONVERSION = YES;
				CLANG_WARN_COMMA = YES;
				CLANG_WARN_CONSTANT_CONVERSION = YES;
				CLANG_WARN_DEPRECATED_OBJC_IMPLEMENTATIONS = YES;
				CLANG_WARN_DIRECT_OBJC_ISA_USAGE = YES_ERROR;
				CLANG_WARN_DOCUMENTATION_COMMENTS = YES;
				CLANG_WARN_EMPTY_BODY = YES;
				CLANG_WARN_ENUM_CONVERSION = YES;
				CLANG_WARN_INFINITE_RECURSION = YES;
				CLANG_WARN_INT_CONVERSION = YES;
				CLANG_WARN_NON_LITERAL_NULL_CONVERSION = YES;
				CLANG_WARN_OBJC_IMPLICIT_RETAIN_SELF = YES;
				CLANG_WARN_OBJC_LITERAL_CONVERSION = YES;
				CLANG_WARN_OBJC_ROOT_CLASS = YES_ERROR;
				CLANG_WARN_RANGE_LOOP_ANALYSIS = YES;
				CLANG_WARN_STRICT_PROTOTYPES = YES;
				CLANG_WARN_SUSPICIOUS_MOVE = YES;
				CLANG_WARN_UNGUARDED_AVAILABILITY = YES_AGGRESSIVE;
				CLANG_WARN_UNREACHABLE_CODE = YES;
				CLANG_WARN__DUPLICATE_METHOD_MATCH = YES;
				CODE_SIGN_IDENTITY = "iPhone Developer";
				COPY_PHASE_STRIP = NO;
				DEBUG_INFORMATION_FORMAT = "dwarf-with-dsym";
				ENABLE_NS_ASSERTIONS = NO;
				ENABLE_STRICT_OBJC_MSGSEND = YES;
				GCC_C_LANGUAGE_STANDARD = gnu11;
				GCC_NO_COMMON_BLOCKS = YES;
				GCC_WARN_64_TO_32_BIT_CONVERSION = YES;
				GCC_WARN_ABOUT_RETURN_TYPE = YES_ERROR;
				GCC_WARN_UNDECLARED_SELECTOR = YES;
				GCC_WARN_UNINITIALIZED_AUTOS = YES_AGGRESSIVE;
				GCC_WARN_UNUSED_FUNCTION = YES;
				GCC_WARN_UNUSED_VARIABLE = YES;
				IPHONEOS_DEPLOYMENT_TARGET = 11.2;
				MTL_ENABLE_DEBUG_INFO = NO;
				SDKROOT = iphoneos;
				SWIFT_OPTIMIZATION_LEVEL = "-Owholemodule";
				VALIDATE_PRODUCT = YES;
			};
			name = Release;
		};
		2DE5FF84216527F100DC5F3E /* Debug */ = {
			isa = XCBuildConfiguration;
			buildSettings = {
				ASSETCATALOG_COMPILER_APPICON_NAME = AppIcon;
				CODE_SIGN_STYLE = Automatic;
				DEVELOPMENT_TEAM = M837VG5FFH;
				INFOPLIST_FILE = Trening/Info.plist;
				LD_RUNPATH_SEARCH_PATHS = "$(inherited) @executable_path/Frameworks";
				PRODUCT_BUNDLE_IDENTIFIER = DS.Trening;
				PRODUCT_NAME = "$(TARGET_NAME)";
				SWIFT_VERSION = 4.2;
				TARGETED_DEVICE_FAMILY = "1,2";
			};
			name = Debug;
		};
		2DE5FF85216527F100DC5F3E /* Release */ = {
			isa = XCBuildConfiguration;
			buildSettings = {
				ASSETCATALOG_COMPILER_APPICON_NAME = AppIcon;
				CODE_SIGN_STYLE = Automatic;
				DEVELOPMENT_TEAM = M837VG5FFH;
				INFOPLIST_FILE = Trening/Info.plist;
				LD_RUNPATH_SEARCH_PATHS = "$(inherited) @executable_path/Frameworks";
				PRODUCT_BUNDLE_IDENTIFIER = DS.Trening;
				PRODUCT_NAME = "$(TARGET_NAME)";
				SWIFT_VERSION = 4.2;
				TARGETED_DEVICE_FAMILY = "1,2";
			};
			name = Release;
		};
/* End XCBuildConfiguration section */

/* Begin XCConfigurationList section */
		2DE5FF6A216527F100DC5F3E /* Build configuration list for PBXProject "Trening" */ = {
			isa = XCConfigurationList;
			buildConfigurations = (
				2DE5FF81216527F100DC5F3E /* Debug */,
				2DE5FF82216527F100DC5F3E /* Release */,
			);
			defaultConfigurationIsVisible = 0;
			defaultConfigurationName = Release;
		};
		2DE5FF83216527F100DC5F3E /* Build configuration list for PBXNativeTarget "Trening" */ = {
			isa = XCConfigurationList;
			buildConfigurations = (
				2DE5FF84216527F100DC5F3E /* Debug */,
				2DE5FF85216527F100DC5F3E /* Release */,
			);
			defaultConfigurationIsVisible = 0;
			defaultConfigurationName = Release;
		};
/* End XCConfigurationList section */
	};
	rootObject = 2DE5FF67216527F100DC5F3E /* Project object */;
}
